dependencies:
- name: ingress-nginx
  repository: https://kubernetes.github.io/ingress-nginx
  version: 4.9.0
- name: fluent-bit
  repository: https://fluent.github.io/helm-charts
  version: 0.46.7
- name: nats
  repository: https://nats-io.github.io/k8s/helm/charts
  version: 1.2.6
digest: sha256:f312aff5001b71247cd43af915f5146f0a133b158dd10d15fb418820e0b0b6c2
generated: "2024-11-21T09:09:54.12470772+01:00"
